// !$*UTF8*$!
{
	archiveVersion = 1;
	classes = {
	};
	objectVersion = 50;
	objects = {

/* Begin PBXBuildFile section */
		7404C24D23D4876C000F8FD8 /* Object.cpp in Sources */ = {isa = PBXBuildFile; fileRef = 7404C24B23D4876C000F8FD8 /* Object.cpp */; };
		74215FD723CC99AE007E45C8 /* Shape_Base.cpp in Sources */ = {isa = PBXBuildFile; fileRef = 74215FD523CC99AE007E45C8 /* Shape_Base.cpp */; };
		74BD1DD923C914B10054A127 /* Frame.cpp in Sources */ = {isa = PBXBuildFile; fileRef = 74BD1DD723C914B10054A127 /* Frame.cpp */; };
		74BD1DDB23C915040054A127 /* main.cpp in Sources */ = {isa = PBXBuildFile; fileRef = 74BD1DDA23C915040054A127 /* main.cpp */; };
		74BD1DDF23C916A20054A127 /* Shader.cpp in Sources */ = {isa = PBXBuildFile; fileRef = 74BD1DDE23C916A10054A127 /* Shader.cpp */; };
		74C109A523C90AE200A2FBB2 /* OpenGL_GLFW.cpp in Sources */ = {isa = PBXBuildFile; fileRef = 74C109A423C90AE200A2FBB2 /* OpenGL_GLFW.cpp */; };
		74C109A823C90AE700A2FBB2 /* OpenGL.framework in Frameworks */ = {isa = PBXBuildFile; fileRef = 74C109A723C90AE700A2FBB2 /* OpenGL.framework */; };
		74C109AA23C90AF300A2FBB2 /* libglfw.3.3.dylib in Frameworks */ = {isa = PBXBuildFile; fileRef = 74C109A923C90AF300A2FBB2 /* libglfw.3.3.dylib */; };
		74C109AB23C90AF300A2FBB2 /* libglfw.3.3.dylib in Embed Libraries */ = {isa = PBXBuildFile; fileRef = 74C109A923C90AF300A2FBB2 /* libglfw.3.3.dylib */; settings = {ATTRIBUTES = (CodeSignOnCopy, ); }; };
		74C109AE23C90AFC00A2FBB2 /* libGLEW.2.1.0.dylib in Frameworks */ = {isa = PBXBuildFile; fileRef = 74C109AD23C90AFC00A2FBB2 /* libGLEW.2.1.0.dylib */; };
		74C109AF23C90AFC00A2FBB2 /* libGLEW.2.1.0.dylib in Embed Libraries */ = {isa = PBXBuildFile; fileRef = 74C109AD23C90AFC00A2FBB2 /* libGLEW.2.1.0.dylib */; settings = {ATTRIBUTES = (CodeSignOnCopy, ); }; };
/* End PBXBuildFile section */

/* Begin PBXCopyFilesBuildPhase section */
		74C1099723C90AA700A2FBB2 /* CopyFiles */ = {
			isa = PBXCopyFilesBuildPhase;
			buildActionMask = 2147483647;
			dstPath = /usr/share/man/man1/;
			dstSubfolderSpec = 0;
			files = (
			);
			runOnlyForDeploymentPostprocessing = 1;
		};
		74C109AC23C90AF300A2FBB2 /* Embed Libraries */ = {
			isa = PBXCopyFilesBuildPhase;
			buildActionMask = 2147483647;
			dstPath = "";
			dstSubfolderSpec = 10;
			files = (
				74C109AF23C90AFC00A2FBB2 /* libGLEW.2.1.0.dylib in Embed Libraries */,
				74C109AB23C90AF300A2FBB2 /* libglfw.3.3.dylib in Embed Libraries */,
			);
			name = "Embed Libraries";
			runOnlyForDeploymentPostprocessing = 0;
		};
/* End PBXCopyFilesBuildPhase section */

/* Begin PBXFileReference section */
		7404C24B23D4876C000F8FD8 /* Object.cpp */ = {isa = PBXFileReference; lastKnownFileType = sourcecode.cpp.cpp; path = Object.cpp; sourceTree = "<group>"; };
		7404C24C23D4876C000F8FD8 /* Object.h */ = {isa = PBXFileReference; lastKnownFileType = sourcecode.c.h; path = Object.h; sourceTree = "<group>"; };
		7404C24E23D4889C000F8FD8 /* Shape.h */ = {isa = PBXFileReference; lastKnownFileType = sourcecode.c.h; path = Shape.h; sourceTree = "<group>"; };
		74215FD523CC99AE007E45C8 /* Shape_Base.cpp */ = {isa = PBXFileReference; lastKnownFileType = sourcecode.cpp.cpp; path = Shape_Base.cpp; sourceTree = "<group>"; };
		74215FD623CC99AE007E45C8 /* Shape_Base.h */ = {isa = PBXFileReference; lastKnownFileType = sourcecode.c.h; path = Shape_Base.h; sourceTree = "<group>"; };
		74BD1DD723C914B10054A127 /* Frame.cpp */ = {isa = PBXFileReference; fileEncoding = 4; lastKnownFileType = sourcecode.cpp.cpp; path = Frame.cpp; sourceTree = "<group>"; };
		74BD1DD823C914B10054A127 /* Frame.h */ = {isa = PBXFileReference; fileEncoding = 4; lastKnownFileType = sourcecode.c.h; path = Frame.h; sourceTree = "<group>"; };
		74BD1DDA23C915040054A127 /* main.cpp */ = {isa = PBXFileReference; lastKnownFileType = sourcecode.cpp.cpp; path = main.cpp; sourceTree = "<group>"; };
		74BD1DDD23C916A10054A127 /* Shader.h */ = {isa = PBXFileReference; fileEncoding = 4; lastKnownFileType = sourcecode.c.h; path = Shader.h; sourceTree = "<group>"; };
		74BD1DDE23C916A10054A127 /* Shader.cpp */ = {isa = PBXFileReference; fileEncoding = 4; lastKnownFileType = sourcecode.cpp.cpp; path = Shader.cpp; sourceTree = "<group>"; };
		74BD1DE023C916EF0054A127 /* vs.vertex */ = {isa = PBXFileReference; lastKnownFileType = sourcecode.glsl; path = vs.vertex; sourceTree = "<group>"; };
		74BD1DE123C916FC0054A127 /* fs.fragment */ = {isa = PBXFileReference; lastKnownFileType = sourcecode.glsl; path = fs.fragment; sourceTree = "<group>"; };
		74C1099923C90AA700A2FBB2 /* Balloon Tower Defense */ = {isa = PBXFileReference; explicitFileType = "compiled.mach-o.executable"; includeInIndex = 0; path = "Balloon Tower Defense"; sourceTree = BUILT_PRODUCTS_DIR; };
		74C109A323C90AE200A2FBB2 /* OpenGL_GLFW.h */ = {isa = PBXFileReference; fileEncoding = 4; lastKnownFileType = sourcecode.c.h; path = OpenGL_GLFW.h; sourceTree = "<group>"; };
		74C109A423C90AE200A2FBB2 /* OpenGL_GLFW.cpp */ = {isa = PBXFileReference; fileEncoding = 4; lastKnownFileType = sourcecode.cpp.cpp; path = OpenGL_GLFW.cpp; sourceTree = "<group>"; };
		74C109A723C90AE700A2FBB2 /* OpenGL.framework */ = {isa = PBXFileReference; lastKnownFileType = wrapper.framework; name = OpenGL.framework; path = System/Library/Frameworks/OpenGL.framework; sourceTree = SDKROOT; };
		74C109A923C90AF300A2FBB2 /* libglfw.3.3.dylib */ = {isa = PBXFileReference; lastKnownFileType = "compiled.mach-o.dylib"; name = libglfw.3.3.dylib; path = ../../../../usr/local/Cellar/glfw/3.3.1/lib/libglfw.3.3.dylib; sourceTree = "<group>"; };
		74C109AD23C90AFC00A2FBB2 /* libGLEW.2.1.0.dylib */ = {isa = PBXFileReference; lastKnownFileType = "compiled.mach-o.dylib"; name = libGLEW.2.1.0.dylib; path = ../../../../usr/local/Cellar/glew/2.1.0_1/lib/libGLEW.2.1.0.dylib; sourceTree = "<group>"; };
		74C109B223C90C2200A2FBB2 /* Game.h */ = {isa = PBXFileReference; lastKnownFileType = sourcecode.c.h; path = Game.h; sourceTree = "<group>"; };
/* End PBXFileReference section */

/* Begin PBXFrameworksBuildPhase section */
		74C1099623C90AA700A2FBB2 /* Frameworks */ = {
			isa = PBXFrameworksBuildPhase;
			buildActionMask = 2147483647;
			files = (
				74C109AE23C90AFC00A2FBB2 /* libGLEW.2.1.0.dylib in Frameworks */,
				74C109AA23C90AF300A2FBB2 /* libglfw.3.3.dylib in Frameworks */,
				74C109A823C90AE700A2FBB2 /* OpenGL.framework in Frameworks */,
			);
			runOnlyForDeploymentPostprocessing = 0;
		};
/* End PBXFrameworksBuildPhase section */

/* Begin PBXGroup section */
		7404C24A23D486EB000F8FD8 /* Object */ = {
			isa = PBXGroup;
			children = (
				7404C24C23D4876C000F8FD8 /* Object.h */,
				7404C24B23D4876C000F8FD8 /* Object.cpp */,
			);
			path = Object;
			sourceTree = "<group>";
		};
		74215FD423CC999C007E45C8 /* Shape */ = {
			isa = PBXGroup;
			children = (
				7404C24E23D4889C000F8FD8 /* Shape.h */,
				74215FD623CC99AE007E45C8 /* Shape_Base.h */,
				74215FD523CC99AE007E45C8 /* Shape_Base.cpp */,
			);
			path = Shape;
			sourceTree = "<group>";
		};
		74BD1DD623C914B10054A127 /* Frame */ = {
			isa = PBXGroup;
			children = (
				74BD1DD823C914B10054A127 /* Frame.h */,
				74BD1DD723C914B10054A127 /* Frame.cpp */,
			);
			path = Frame;
			sourceTree = "<group>";
		};
		74BD1DDC23C916A10054A127 /* Shader */ = {
			isa = PBXGroup;
			children = (
				74BD1DDD23C916A10054A127 /* Shader.h */,
				74BD1DDE23C916A10054A127 /* Shader.cpp */,
				74BD1DE023C916EF0054A127 /* vs.vertex */,
				74BD1DE123C916FC0054A127 /* fs.fragment */,
			);
			path = Shader;
			sourceTree = "<group>";
		};
		74C1099023C90AA700A2FBB2 = {
			isa = PBXGroup;
			children = (
				74C1099B23C90AA700A2FBB2 /* Balloon Tower Defense */,
				74C109B023C90B1C00A2FBB2 /* Source */,
				74C1099A23C90AA700A2FBB2 /* Products */,
				74C109A623C90AE700A2FBB2 /* Frameworks */,
			);
			sourceTree = "<group>";
		};
		74C1099A23C90AA700A2FBB2 /* Products */ = {
			isa = PBXGroup;
			children = (
				74C1099923C90AA700A2FBB2 /* Balloon Tower Defense */,
			);
			name = Products;
			sourceTree = "<group>";
		};
		74C1099B23C90AA700A2FBB2 /* Balloon Tower Defense */ = {
			isa = PBXGroup;
			children = (
				74BD1DDA23C915040054A127 /* main.cpp */,
				74C109B223C90C2200A2FBB2 /* Game.h */,
			);
			path = "Balloon Tower Defense";
			sourceTree = "<group>";
		};
		74C109A623C90AE700A2FBB2 /* Frameworks */ = {
			isa = PBXGroup;
			children = (
				74C109AD23C90AFC00A2FBB2 /* libGLEW.2.1.0.dylib */,
				74C109A923C90AF300A2FBB2 /* libglfw.3.3.dylib */,
				74C109A723C90AE700A2FBB2 /* OpenGL.framework */,
			);
			name = Frameworks;
			sourceTree = "<group>";
		};
		74C109B023C90B1C00A2FBB2 /* Source */ = {
			isa = PBXGroup;
			children = (
				7404C24A23D486EB000F8FD8 /* Object */,
				74215FD423CC999C007E45C8 /* Shape */,
				74BD1DDC23C916A10054A127 /* Shader */,
				74BD1DD623C914B10054A127 /* Frame */,
				74C109B123C90B2D00A2FBB2 /* OpenGL */,
			);
			path = Source;
			sourceTree = "<group>";
		};
		74C109B123C90B2D00A2FBB2 /* OpenGL */ = {
			isa = PBXGroup;
			children = (
				74C109A323C90AE200A2FBB2 /* OpenGL_GLFW.h */,
				74C109A423C90AE200A2FBB2 /* OpenGL_GLFW.cpp */,
			);
			path = OpenGL;
			sourceTree = "<group>";
		};
/* End PBXGroup section */

/* Begin PBXNativeTarget section */
		74C1099823C90AA700A2FBB2 /* Balloon Tower Defense */ = {
			isa = PBXNativeTarget;
			buildConfigurationList = 74C109A023C90AA700A2FBB2 /* Build configuration list for PBXNativeTarget "Balloon Tower Defense" */;
			buildPhases = (
				74C1099523C90AA700A2FBB2 /* Sources */,
				74C1099623C90AA700A2FBB2 /* Frameworks */,
				74C1099723C90AA700A2FBB2 /* CopyFiles */,
				74C109AC23C90AF300A2FBB2 /* Embed Libraries */,
			);
			buildRules = (
			);
			dependencies = (
			);
			name = "Balloon Tower Defense";
			productName = "Balloon Tower Defense";
			productReference = 74C1099923C90AA700A2FBB2 /* Balloon Tower Defense */;
			productType = "com.apple.product-type.tool";
		};
/* End PBXNativeTarget section */

/* Begin PBXProject section */
		74C1099123C90AA700A2FBB2 /* Project object */ = {
			isa = PBXProject;
			attributes = {
				LastUpgradeCheck = 1130;
				ORGANIZATIONNAME = "MacBook Pro";
				TargetAttributes = {
					74C1099823C90AA700A2FBB2 = {
						CreatedOnToolsVersion = 11.3;
					};
				};
			};
			buildConfigurationList = 74C1099423C90AA700A2FBB2 /* Build configuration list for PBXProject "Balloon Tower Defense" */;
			compatibilityVersion = "Xcode 9.3";
			developmentRegion = en;
			hasScannedForEncodings = 0;
			knownRegions = (
				en,
				Base,
			);
			mainGroup = 74C1099023C90AA700A2FBB2;
			productRefGroup = 74C1099A23C90AA700A2FBB2 /* Products */;
			projectDirPath = "";
			projectRoot = "";
			targets = (
				74C1099823C90AA700A2FBB2 /* Balloon Tower Defense */,
			);
		};
/* End PBXProject section */

/* Begin PBXSourcesBuildPhase section */
		74C1099523C90AA700A2FBB2 /* Sources */ = {
			isa = PBXSourcesBuildPhase;
			buildActionMask = 2147483647;
			files = (
				74BD1DD923C914B10054A127 /* Frame.cpp in Sources */,
				74C109A523C90AE200A2FBB2 /* OpenGL_GLFW.cpp in Sources */,
				7404C24D23D4876C000F8FD8 /* Object.cpp in Sources */,
				74215FD723CC99AE007E45C8 /* Shape_Base.cpp in Sources */,
				74BD1DDF23C916A20054A127 /* Shader.cpp in Sources */,
				74BD1DDB23C915040054A127 /* main.cpp in Sources */,
			);
			runOnlyForDeploymentPostprocessing = 0;
		};
/* End PBXSourcesBuildPhase section */

/* Begin XCBuildConfiguration section */
		74C1099E23C90AA700A2FBB2 /* Debug */ = {
			isa = XCBuildConfiguration;
			buildSettings = {
				ALWAYS_SEARCH_USER_PATHS = NO;
				CLANG_ANALYZER_NONNULL = YES;
				CLANG_ANALYZER_NUMBER_OBJECT_CONVERSION = YES_AGGRESSIVE;
				CLANG_CXX_LANGUAGE_STANDARD = "gnu++14";
				CLANG_CXX_LIBRARY = "libc++";
				CLANG_ENABLE_MODULES = YES;
				CLANG_ENABLE_OBJC_ARC = YES;
				CLANG_ENABLE_OBJC_WEAK = YES;
				CLANG_WARN_BLOCK_CAPTURE_AUTORELEASING = YES;
				CLANG_WARN_BOOL_CONVERSION = YES;
				CLANG_WARN_COMMA = YES;
				CLANG_WARN_CONSTANT_CONVERSION = YES;
				CLANG_WARN_DEPRECATED_OBJC_IMPLEMENTATIONS = YES;
				CLANG_WARN_DIRECT_OBJC_ISA_USAGE = YES_ERROR;
				CLANG_WARN_DOCUMENTATION_COMMENTS = YES;
				CLANG_WARN_EMPTY_BODY = YES;
				CLANG_WARN_ENUM_CONVERSION = YES;
				CLANG_WARN_INFINITE_RECURSION = YES;
				CLANG_WARN_INT_CONVERSION = YES;
				CLANG_WARN_NON_LITERAL_NULL_CONVERSION = YES;
				CLANG_WARN_OBJC_IMPLICIT_RETAIN_SELF = YES;
				CLANG_WARN_OBJC_LITERAL_CONVERSION = YES;
				CLANG_WARN_OBJC_ROOT_CLASS = YES_ERROR;
				CLANG_WARN_RANGE_LOOP_ANALYSIS = YES;
				CLANG_WARN_STRICT_PROTOTYPES = YES;
				CLANG_WARN_SUSPICIOUS_MOVE = YES;
				CLANG_WARN_UNGUARDED_AVAILABILITY = YES_AGGRESSIVE;
				CLANG_WARN_UNREACHABLE_CODE = YES;
				CLANG_WARN__DUPLICATE_METHOD_MATCH = YES;
				COPY_PHASE_STRIP = NO;
				DEBUG_INFORMATION_FORMAT = dwarf;
				ENABLE_STRICT_OBJC_MSGSEND = YES;
				ENABLE_TESTABILITY = YES;
				GCC_C_LANGUAGE_STANDARD = gnu11;
				GCC_DYNAMIC_NO_PIC = NO;
				GCC_NO_COMMON_BLOCKS = YES;
				GCC_OPTIMIZATION_LEVEL = 0;
				GCC_PREPROCESSOR_DEFINITIONS = (
					"DEBUG=1",
					"$(inherited)",
				);
				GCC_WARN_64_TO_32_BIT_CONVERSION = YES;
				GCC_WARN_ABOUT_RETURN_TYPE = YES_ERROR;
				GCC_WARN_UNDECLARED_SELECTOR = YES;
				GCC_WARN_UNINITIALIZED_AUTOS = YES_AGGRESSIVE;
				GCC_WARN_UNUSED_FUNCTION = YES;
				GCC_WARN_UNUSED_VARIABLE = YES;
				MACOSX_DEPLOYMENT_TARGET = 10.15;
				MTL_ENABLE_DEBUG_INFO = INCLUDE_SOURCE;
				MTL_FAST_MATH = YES;
				ONLY_ACTIVE_ARCH = YES;
				SDKROOT = macosx;
			};
			name = Debug;
		};
		74C1099F23C90AA700A2FBB2 /* Release */ = {
			isa = XCBuildConfiguration;
			buildSettings = {
				ALWAYS_SEARCH_USER_PATHS = NO;
				CLANG_ANALYZER_NONNULL = YES;
				CLANG_ANALYZER_NUMBER_OBJECT_CONVERSION = YES_AGGRESSIVE;
				CLANG_CXX_LANGUAGE_STANDARD = "gnu++14";
				CLANG_CXX_LIBRARY = "libc++";
				CLANG_ENABLE_MODULES = YES;
				CLANG_ENABLE_OBJC_ARC = YES;
				CLANG_ENABLE_OBJC_WEAK = YES;
				CLANG_WARN_BLOCK_CAPTURE_AUTORELEASING = YES;
				CLANG_WARN_BOOL_CONVERSION = YES;
				CLANG_WARN_COMMA = YES;
				CLANG_WARN_CONSTANT_CONVERSION = YES;
				CLANG_WARN_DEPRECATED_OBJC_IMPLEMENTATIONS = YES;
				CLANG_WARN_DIRECT_OBJC_ISA_USAGE = YES_ERROR;
				CLANG_WARN_DOCUMENTATION_COMMENTS = YES;
				CLANG_WARN_EMPTY_BODY = YES;
				CLANG_WARN_ENUM_CONVERSION = YES;
				CLANG_WARN_INFINITE_RECURSION = YES;
				CLANG_WARN_INT_CONVERSION = YES;
				CLANG_WARN_NON_LITERAL_NULL_CONVERSION = YES;
				CLANG_WARN_OBJC_IMPLICIT_RETAIN_SELF = YES;
				CLANG_WARN_OBJC_LITERAL_CONVERSION = YES;
				CLANG_WARN_OBJC_ROOT_CLASS = YES_ERROR;
				CLANG_WARN_RANGE_LOOP_ANALYSIS = YES;
				CLANG_WARN_STRICT_PROTOTYPES = YES;
				CLANG_WARN_SUSPICIOUS_MOVE = YES;
				CLANG_WARN_UNGUARDED_AVAILABILITY = YES_AGGRESSIVE;
				CLANG_WARN_UNREACHABLE_CODE = YES;
				CLANG_WARN__DUPLICATE_METHOD_MATCH = YES;
				COPY_PHASE_STRIP = NO;
				DEBUG_INFORMATION_FORMAT = "dwarf-with-dsym";
				ENABLE_NS_ASSERTIONS = NO;
				ENABLE_STRICT_OBJC_MSGSEND = YES;
				GCC_C_LANGUAGE_STANDARD = gnu11;
				GCC_NO_COMMON_BLOCKS = YES;
				GCC_WARN_64_TO_32_BIT_CONVERSION = YES;
				GCC_WARN_ABOUT_RETURN_TYPE = YES_ERROR;
				GCC_WARN_UNDECLARED_SELECTOR = YES;
				GCC_WARN_UNINITIALIZED_AUTOS = YES_AGGRESSIVE;
				GCC_WARN_UNUSED_FUNCTION = YES;
				GCC_WARN_UNUSED_VARIABLE = YES;
				MACOSX_DEPLOYMENT_TARGET = 10.15;
				MTL_ENABLE_DEBUG_INFO = NO;
				MTL_FAST_MATH = YES;
				SDKROOT = macosx;
			};
			name = Release;
		};
		74C109A123C90AA700A2FBB2 /* Debug */ = {
			isa = XCBuildConfiguration;
			buildSettings = {
				CODE_SIGN_STYLE = Automatic;
				HEADER_SEARCH_PATHS = /usr/local/include;
				LIBRARY_SEARCH_PATHS = (
					"$(inherited)",
					/usr/local/Cellar/glfw/3.3.1/lib,
					/usr/local/Cellar/glew/2.1.0_1/lib,
				);
				PRODUCT_NAME = "$(TARGET_NAME)";
			};
			name = Debug;
		};
		74C109A223C90AA700A2FBB2 /* Release */ = {
			isa = XCBuildConfiguration;
			buildSettings = {
				CODE_SIGN_STYLE = Automatic;
				HEADER_SEARCH_PATHS = /usr/local/include;
				LIBRARY_SEARCH_PATHS = (
					"$(inherited)",
					/usr/local/Cellar/glfw/3.3.1/lib,
					/usr/local/Cellar/glew/2.1.0_1/lib,
				);
				PRODUCT_NAME = "$(TARGET_NAME)";
			};
			name = Release;
		};
/* End XCBuildConfiguration section */

/* Begin XCConfigurationList section */
		74C1099423C90AA700A2FBB2 /* Build configuration list for PBXProject "Balloon Tower Defense" */ = {
			isa = XCConfigurationList;
			buildConfigurations = (
				74C1099E23C90AA700A2FBB2 /* Debug */,
				74C1099F23C90AA700A2FBB2 /* Release */,
			);
			defaultConfigurationIsVisible = 0;
			defaultConfigurationName = Release;
		};
		74C109A023C90AA700A2FBB2 /* Build configuration list for PBXNativeTarget "Balloon Tower Defense" */ = {
			isa = XCConfigurationList;
			buildConfigurations = (
				74C109A123C90AA700A2FBB2 /* Debug */,
				74C109A223C90AA700A2FBB2 /* Release */,
			);
			defaultConfigurationIsVisible = 0;
			defaultConfigurationName = Release;
		};
/* End XCConfigurationList section */
	};
	rootObject = 74C1099123C90AA700A2FBB2 /* Project object */;
}
