// !$*UTF8*$!
{
	archiveVersion = 1;
	classes = {
	};
	objectVersion = 51;
	objects = {

/* Begin PBXBuildFile section */
		740DA76521B281DF00C77E5D /* Monkey.cpp in Sources */ = {isa = PBXBuildFile; fileRef = 74BCD0DF21A2955200B63FEA /* Monkey.cpp */; };
		7417533021A0825100D8CE61 /* Game.cpp in Sources */ = {isa = PBXBuildFile; fileRef = 7417532F21A0825100D8CE61 /* Game.cpp */; };
		7417534621A0827700D8CE61 /* Game2D.cpp in Sources */ = {isa = PBXBuildFile; fileRef = 7417533821A0827700D8CE61 /* Game2D.cpp */; };
		7417534821A0827700D8CE61 /* Timer.cpp in Sources */ = {isa = PBXBuildFile; fileRef = 7417534121A0827700D8CE61 /* Timer.cpp */; };
		7417534921A0827700D8CE61 /* DrawFunctions.cpp in Sources */ = {isa = PBXBuildFile; fileRef = 7417534421A0827700D8CE61 /* DrawFunctions.cpp */; };
		7497CD6E21C175F9004F4EFB /* Stage.cpp in Sources */ = {isa = PBXBuildFile; fileRef = 7497CD6C21C175F9004F4EFB /* Stage.cpp */; };
		74ACD9AA21BF16EB0079D186 /* Player.cpp in Sources */ = {isa = PBXBuildFile; fileRef = 74ACD9A821BF16EB0079D186 /* Player.cpp */; };
		74C1094123C89F3500A2FBB2 /* OpenGL.framework in Frameworks */ = {isa = PBXBuildFile; fileRef = 7445CE9D21C59EA9004215A1 /* OpenGL.framework */; };
		74C1094223C89F3500A2FBB2 /* OpenGL.framework in Embed Frameworks */ = {isa = PBXBuildFile; fileRef = 7445CE9D21C59EA9004215A1 /* OpenGL.framework */; settings = {ATTRIBUTES = (CodeSignOnCopy, RemoveHeadersOnCopy, ); }; };
		74C1094523C89F4B00A2FBB2 /* libglfw.3.3.dylib in Frameworks */ = {isa = PBXBuildFile; fileRef = 74C1094423C89F4B00A2FBB2 /* libglfw.3.3.dylib */; };
		74C1094623C89F4B00A2FBB2 /* libglfw.3.3.dylib in Embed Frameworks */ = {isa = PBXBuildFile; fileRef = 74C1094423C89F4B00A2FBB2 /* libglfw.3.3.dylib */; settings = {ATTRIBUTES = (CodeSignOnCopy, ); }; };
		74C1094823C89F5800A2FBB2 /* libGLEW.2.1.0.dylib in Frameworks */ = {isa = PBXBuildFile; fileRef = 74C1094723C89F5800A2FBB2 /* libGLEW.2.1.0.dylib */; };
		74C1094923C89F5800A2FBB2 /* libGLEW.2.1.0.dylib in Embed Frameworks */ = {isa = PBXBuildFile; fileRef = 74C1094723C89F5800A2FBB2 /* libGLEW.2.1.0.dylib */; settings = {ATTRIBUTES = (CodeSignOnCopy, ); }; };
		74C6894321A87010003BC26A /* Source.cpp in Sources */ = {isa = PBXBuildFile; fileRef = 74C6894121A87010003BC26A /* Source.cpp */; };
		74C6894421A8729F003BC26A /* Balloon.cpp in Sources */ = {isa = PBXBuildFile; fileRef = 74E74D4821A2C4B700C60F58 /* Balloon.cpp */; };
		74D22F4E21A1C1C9008BEEF8 /* Map.cpp in Sources */ = {isa = PBXBuildFile; fileRef = 74D22F4D21A1C1C9008BEEF8 /* Map.cpp */; };
/* End PBXBuildFile section */

/* Begin PBXCopyFilesBuildPhase section */
		7417532A21A0825100D8CE61 /* CopyFiles */ = {
			isa = PBXCopyFilesBuildPhase;
			buildActionMask = 2147483647;
			dstPath = /usr/share/man/man1/;
			dstSubfolderSpec = 0;
			files = (
			);
			runOnlyForDeploymentPostprocessing = 1;
		};
		74C1094323C89F3500A2FBB2 /* Embed Frameworks */ = {
			isa = PBXCopyFilesBuildPhase;
			buildActionMask = 2147483647;
			dstPath = "";
			dstSubfolderSpec = 10;
			files = (
				74C1094923C89F5800A2FBB2 /* libGLEW.2.1.0.dylib in Embed Frameworks */,
				74C1094623C89F4B00A2FBB2 /* libglfw.3.3.dylib in Embed Frameworks */,
				74C1094223C89F3500A2FBB2 /* OpenGL.framework in Embed Frameworks */,
			);
			name = "Embed Frameworks";
			runOnlyForDeploymentPostprocessing = 0;
		};
/* End PBXCopyFilesBuildPhase section */

/* Begin PBXFileReference section */
		7417532C21A0825100D8CE61 /* Balloon_Tower_Defense */ = {isa = PBXFileReference; explicitFileType = "compiled.mach-o.executable"; includeInIndex = 0; path = Balloon_Tower_Defense; sourceTree = BUILT_PRODUCTS_DIR; };
		7417532F21A0825100D8CE61 /* Game.cpp */ = {isa = PBXFileReference; lastKnownFileType = sourcecode.cpp.cpp; path = Game.cpp; sourceTree = "<group>"; };
		7417533621A0827700D8CE61 /* Timer.h */ = {isa = PBXFileReference; fileEncoding = 4; lastKnownFileType = sourcecode.c.h; path = Timer.h; sourceTree = "<group>"; };
		7417533721A0827700D8CE61 /* Game2D.h */ = {isa = PBXFileReference; fileEncoding = 4; lastKnownFileType = sourcecode.c.h; path = Game2D.h; sourceTree = "<group>"; };
		7417533821A0827700D8CE61 /* Game2D.cpp */ = {isa = PBXFileReference; fileEncoding = 4; lastKnownFileType = sourcecode.cpp.cpp; path = Game2D.cpp; sourceTree = "<group>"; };
		7417533921A0827700D8CE61 /* Colors.h */ = {isa = PBXFileReference; fileEncoding = 4; lastKnownFileType = sourcecode.c.h; path = Colors.h; sourceTree = "<group>"; };
		7417533B21A0827700D8CE61 /* Vector3.h */ = {isa = PBXFileReference; fileEncoding = 4; lastKnownFileType = sourcecode.c.h; path = Vector3.h; sourceTree = "<group>"; };
		7417534021A0827700D8CE61 /* DrawFunctions.h */ = {isa = PBXFileReference; fileEncoding = 4; lastKnownFileType = sourcecode.c.h; path = DrawFunctions.h; sourceTree = "<group>"; };
		7417534121A0827700D8CE61 /* Timer.cpp */ = {isa = PBXFileReference; fileEncoding = 4; lastKnownFileType = sourcecode.cpp.cpp; path = Timer.cpp; sourceTree = "<group>"; };
		7417534221A0827700D8CE61 /* Vector2.h */ = {isa = PBXFileReference; fileEncoding = 4; lastKnownFileType = sourcecode.c.h; path = Vector2.h; sourceTree = "<group>"; };
		7417534421A0827700D8CE61 /* DrawFunctions.cpp */ = {isa = PBXFileReference; fileEncoding = 4; lastKnownFileType = sourcecode.cpp.cpp; path = DrawFunctions.cpp; sourceTree = "<group>"; };
		7417534521A0827700D8CE61 /* RGB.h */ = {isa = PBXFileReference; fileEncoding = 4; lastKnownFileType = sourcecode.c.h; path = RGB.h; sourceTree = "<group>"; };
		7417534D21A0835F00D8CE61 /* Map.h */ = {isa = PBXFileReference; lastKnownFileType = sourcecode.c.h; path = Map.h; sourceTree = "<group>"; };
		7417535121A083C900D8CE61 /* libGLEW.2.1.0.dylib */ = {isa = PBXFileReference; lastKnownFileType = "compiled.mach-o.dylib"; name = libGLEW.2.1.0.dylib; path = ../../../../../../usr/local/Cellar/glew/2.1.0/lib/libGLEW.2.1.0.dylib; sourceTree = "<group>"; };
		7417535321A083D900D8CE61 /* libglfw.3.2.dylib */ = {isa = PBXFileReference; lastKnownFileType = "compiled.mach-o.dylib"; name = libglfw.3.2.dylib; path = ../../../../../../usr/local/Cellar/glfw/3.2.1/lib/libglfw.3.2.dylib; sourceTree = "<group>"; };
		7417535621A0BB9F00D8CE61 /* Game.h */ = {isa = PBXFileReference; lastKnownFileType = sourcecode.c.h; path = Game.h; sourceTree = "<group>"; };
		7445CE9D21C59EA9004215A1 /* OpenGL.framework */ = {isa = PBXFileReference; lastKnownFileType = wrapper.framework; name = OpenGL.framework; path = System/Library/Frameworks/OpenGL.framework; sourceTree = SDKROOT; };
		7485454B21CCE07B0005C504 /* test.app */ = {isa = PBXFileReference; explicitFileType = wrapper.application; includeInIndex = 0; path = test.app; sourceTree = BUILT_PRODUCTS_DIR; };
		7497CD6C21C175F9004F4EFB /* Stage.cpp */ = {isa = PBXFileReference; lastKnownFileType = sourcecode.cpp.cpp; path = Stage.cpp; sourceTree = "<group>"; };
		7497CD6D21C175F9004F4EFB /* Stage.h */ = {isa = PBXFileReference; lastKnownFileType = sourcecode.c.h; path = Stage.h; sourceTree = "<group>"; };
		74ACD9A821BF16EB0079D186 /* Player.cpp */ = {isa = PBXFileReference; lastKnownFileType = sourcecode.cpp.cpp; path = Player.cpp; sourceTree = "<group>"; };
		74ACD9A921BF16EB0079D186 /* Player.h */ = {isa = PBXFileReference; lastKnownFileType = sourcecode.c.h; path = Player.h; sourceTree = "<group>"; };
		74BCD0DF21A2955200B63FEA /* Monkey.cpp */ = {isa = PBXFileReference; lastKnownFileType = sourcecode.cpp.cpp; path = Monkey.cpp; sourceTree = "<group>"; };
		74BCD0E021A2955200B63FEA /* Monkey.h */ = {isa = PBXFileReference; lastKnownFileType = sourcecode.c.h; path = Monkey.h; sourceTree = "<group>"; };
		74C1094423C89F4B00A2FBB2 /* libglfw.3.3.dylib */ = {isa = PBXFileReference; lastKnownFileType = "compiled.mach-o.dylib"; name = libglfw.3.3.dylib; path = ../../../../../usr/local/Cellar/glfw/3.3.1/lib/libglfw.3.3.dylib; sourceTree = "<group>"; };
		74C1094723C89F5800A2FBB2 /* libGLEW.2.1.0.dylib */ = {isa = PBXFileReference; lastKnownFileType = "compiled.mach-o.dylib"; name = libGLEW.2.1.0.dylib; path = ../../../../../usr/local/Cellar/glew/2.1.0_1/lib/libGLEW.2.1.0.dylib; sourceTree = "<group>"; };
		74C6894121A87010003BC26A /* Source.cpp */ = {isa = PBXFileReference; lastKnownFileType = sourcecode.cpp.cpp; path = Source.cpp; sourceTree = "<group>"; };
		74C6894221A87010003BC26A /* Source.h */ = {isa = PBXFileReference; lastKnownFileType = sourcecode.c.h; path = Source.h; sourceTree = "<group>"; };
		74D22F4D21A1C1C9008BEEF8 /* Map.cpp */ = {isa = PBXFileReference; lastKnownFileType = sourcecode.cpp.cpp; path = Map.cpp; sourceTree = "<group>"; };
		74E74D4721A2C28B00C60F58 /* Balloon.h */ = {isa = PBXFileReference; lastKnownFileType = sourcecode.c.h; path = Balloon.h; sourceTree = "<group>"; };
		74E74D4821A2C4B700C60F58 /* Balloon.cpp */ = {isa = PBXFileReference; lastKnownFileType = sourcecode.cpp.cpp; path = Balloon.cpp; sourceTree = "<group>"; };
/* End PBXFileReference section */

/* Begin PBXFrameworksBuildPhase section */
		7417532921A0825100D8CE61 /* Frameworks */ = {
			isa = PBXFrameworksBuildPhase;
			buildActionMask = 2147483647;
			files = (
				74C1094823C89F5800A2FBB2 /* libGLEW.2.1.0.dylib in Frameworks */,
				74C1094523C89F4B00A2FBB2 /* libglfw.3.3.dylib in Frameworks */,
				74C1094123C89F3500A2FBB2 /* OpenGL.framework in Frameworks */,
			);
			runOnlyForDeploymentPostprocessing = 0;
		};
		7485454821CCE07B0005C504 /* Frameworks */ = {
			isa = PBXFrameworksBuildPhase;
			buildActionMask = 2147483647;
			files = (
			);
			runOnlyForDeploymentPostprocessing = 0;
		};
/* End PBXFrameworksBuildPhase section */

/* Begin PBXGroup section */
		7417532321A0825100D8CE61 = {
			isa = PBXGroup;
			children = (
				7417534C21A0833400D8CE61 /* Game */,
				74D22F4F21A1C1DD008BEEF8 /* Source */,
				7417534A21A0827B00D8CE61 /* Engine */,
				7417532D21A0825100D8CE61 /* Products */,
				7417534E21A083B600D8CE61 /* Frameworks */,
			);
			sourceTree = "<group>";
		};
		7417532D21A0825100D8CE61 /* Products */ = {
			isa = PBXGroup;
			children = (
				7417532C21A0825100D8CE61 /* Balloon_Tower_Defense */,
				7485454B21CCE07B0005C504 /* test.app */,
			);
			name = Products;
			sourceTree = "<group>";
		};
		7417534A21A0827B00D8CE61 /* Engine */ = {
			isa = PBXGroup;
			children = (
				7417534B21A0828E00D8CE61 /* Header */,
				7417534421A0827700D8CE61 /* DrawFunctions.cpp */,
				7417533821A0827700D8CE61 /* Game2D.cpp */,
				7417534121A0827700D8CE61 /* Timer.cpp */,
			);
			path = Engine;
			sourceTree = "<group>";
		};
		7417534B21A0828E00D8CE61 /* Header */ = {
			isa = PBXGroup;
			children = (
				7417533921A0827700D8CE61 /* Colors.h */,
				7417534021A0827700D8CE61 /* DrawFunctions.h */,
				7417533721A0827700D8CE61 /* Game2D.h */,
				7417534521A0827700D8CE61 /* RGB.h */,
				7417533621A0827700D8CE61 /* Timer.h */,
				7417534221A0827700D8CE61 /* Vector2.h */,
				7417533B21A0827700D8CE61 /* Vector3.h */,
			);
			path = Header;
			sourceTree = "<group>";
		};
		7417534C21A0833400D8CE61 /* Game */ = {
			isa = PBXGroup;
			children = (
				7417532F21A0825100D8CE61 /* Game.cpp */,
				7417535621A0BB9F00D8CE61 /* Game.h */,
				74C6894221A87010003BC26A /* Source.h */,
				7417534D21A0835F00D8CE61 /* Map.h */,
				74E74D4721A2C28B00C60F58 /* Balloon.h */,
				74BCD0E021A2955200B63FEA /* Monkey.h */,
				7497CD6D21C175F9004F4EFB /* Stage.h */,
				74ACD9A921BF16EB0079D186 /* Player.h */,
			);
			path = Game;
			sourceTree = "<group>";
		};
		7417534E21A083B600D8CE61 /* Frameworks */ = {
			isa = PBXGroup;
			children = (
				74C1094723C89F5800A2FBB2 /* libGLEW.2.1.0.dylib */,
				74C1094423C89F4B00A2FBB2 /* libglfw.3.3.dylib */,
				7417535321A083D900D8CE61 /* libglfw.3.2.dylib */,
				7417535121A083C900D8CE61 /* libGLEW.2.1.0.dylib */,
				7445CE9D21C59EA9004215A1 /* OpenGL.framework */,
			);
			name = Frameworks;
			sourceTree = "<group>";
		};
		74D22F4F21A1C1DD008BEEF8 /* Source */ = {
			isa = PBXGroup;
			children = (
				74C6894121A87010003BC26A /* Source.cpp */,
				74D22F4D21A1C1C9008BEEF8 /* Map.cpp */,
				74E74D4821A2C4B700C60F58 /* Balloon.cpp */,
				74BCD0DF21A2955200B63FEA /* Monkey.cpp */,
				7497CD6C21C175F9004F4EFB /* Stage.cpp */,
				74ACD9A821BF16EB0079D186 /* Player.cpp */,
			);
			path = Source;
			sourceTree = "<group>";
		};
/* End PBXGroup section */

/* Begin PBXNativeTarget section */
		7417532B21A0825100D8CE61 /* Balloon_Tower_Defense */ = {
			isa = PBXNativeTarget;
			buildConfigurationList = 7417533321A0825100D8CE61 /* Build configuration list for PBXNativeTarget "Balloon_Tower_Defense" */;
			buildPhases = (
				7417532821A0825100D8CE61 /* Sources */,
				7417532921A0825100D8CE61 /* Frameworks */,
				7417532A21A0825100D8CE61 /* CopyFiles */,
				74C1094323C89F3500A2FBB2 /* Embed Frameworks */,
			);
			buildRules = (
			);
			dependencies = (
			);
			name = Balloon_Tower_Defense;
			productName = Balloon_Tower_Defense;
			productReference = 7417532C21A0825100D8CE61 /* Balloon_Tower_Defense */;
			productType = "com.apple.product-type.tool";
		};
		7485454A21CCE07B0005C504 /* test */ = {
			isa = PBXNativeTarget;
			buildConfigurationList = 7485456321CCE07C0005C504 /* Build configuration list for PBXNativeTarget "test" */;
			buildPhases = (
				7485454721CCE07B0005C504 /* Sources */,
				7485454821CCE07B0005C504 /* Frameworks */,
				7485454921CCE07B0005C504 /* Resources */,
			);
			buildRules = (
			);
			dependencies = (
			);
			name = test;
			productName = test;
			productReference = 7485454B21CCE07B0005C504 /* test.app */;
			productType = "com.apple.product-type.application";
		};
/* End PBXNativeTarget section */

/* Begin PBXProject section */
		7417532421A0825100D8CE61 /* Project object */ = {
			isa = PBXProject;
			attributes = {
				LastUpgradeCheck = 1010;
				ORGANIZATIONNAME = "물방울";
				TargetAttributes = {
					7417532B21A0825100D8CE61 = {
						CreatedOnToolsVersion = 10.1;
					};
					7485454A21CCE07B0005C504 = {
						CreatedOnToolsVersion = 10.1;
					};
				};
			};
			buildConfigurationList = 7417532721A0825100D8CE61 /* Build configuration list for PBXProject "Balloon_Tower_Defense" */;
			compatibilityVersion = "Xcode 10.0";
			developmentRegion = en;
			hasScannedForEncodings = 0;
			knownRegions = (
				en,
				Base,
			);
			mainGroup = 7417532321A0825100D8CE61;
			productRefGroup = 7417532D21A0825100D8CE61 /* Products */;
			projectDirPath = "";
			projectRoot = "";
			targets = (
				7417532B21A0825100D8CE61 /* Balloon_Tower_Defense */,
				7485454A21CCE07B0005C504 /* test */,
			);
		};
/* End PBXProject section */

/* Begin PBXResourcesBuildPhase section */
		7485454921CCE07B0005C504 /* Resources */ = {
			isa = PBXResourcesBuildPhase;
			buildActionMask = 2147483647;
			files = (
			);
			runOnlyForDeploymentPostprocessing = 0;
		};
/* End PBXResourcesBuildPhase section */

/* Begin PBXSourcesBuildPhase section */
		7417532821A0825100D8CE61 /* Sources */ = {
			isa = PBXSourcesBuildPhase;
			buildActionMask = 2147483647;
			files = (
				7417533021A0825100D8CE61 /* Game.cpp in Sources */,
				74C6894321A87010003BC26A /* Source.cpp in Sources */,
				7497CD6E21C175F9004F4EFB /* Stage.cpp in Sources */,
				74ACD9AA21BF16EB0079D186 /* Player.cpp in Sources */,
				74D22F4E21A1C1C9008BEEF8 /* Map.cpp in Sources */,
				74C6894421A8729F003BC26A /* Balloon.cpp in Sources */,
				740DA76521B281DF00C77E5D /* Monkey.cpp in Sources */,
				7417534921A0827700D8CE61 /* DrawFunctions.cpp in Sources */,
				7417534621A0827700D8CE61 /* Game2D.cpp in Sources */,
				7417534821A0827700D8CE61 /* Timer.cpp in Sources */,
			);
			runOnlyForDeploymentPostprocessing = 0;
		};
		7485454721CCE07B0005C504 /* Sources */ = {
			isa = PBXSourcesBuildPhase;
			buildActionMask = 2147483647;
			files = (
			);
			runOnlyForDeploymentPostprocessing = 0;
		};
/* End PBXSourcesBuildPhase section */

/* Begin XCBuildConfiguration section */
		7417533121A0825100D8CE61 /* Debug */ = {
			isa = XCBuildConfiguration;
			buildSettings = {
				ALWAYS_SEARCH_USER_PATHS = NO;
				CLANG_ANALYZER_NONNULL = YES;
				CLANG_ANALYZER_NUMBER_OBJECT_CONVERSION = YES_AGGRESSIVE;
				CLANG_CXX_LANGUAGE_STANDARD = "gnu++14";
				CLANG_CXX_LIBRARY = "libc++";
				CLANG_ENABLE_MODULES = YES;
				CLANG_ENABLE_OBJC_ARC = YES;
				CLANG_ENABLE_OBJC_WEAK = YES;
				CLANG_WARN_BLOCK_CAPTURE_AUTORELEASING = YES;
				CLANG_WARN_BOOL_CONVERSION = YES;
				CLANG_WARN_COMMA = YES;
				CLANG_WARN_CONSTANT_CONVERSION = YES;
				CLANG_WARN_DEPRECATED_OBJC_IMPLEMENTATIONS = YES;
				CLANG_WARN_DIRECT_OBJC_ISA_USAGE = YES_ERROR;
				CLANG_WARN_DOCUMENTATION_COMMENTS = YES;
				CLANG_WARN_EMPTY_BODY = YES;
				CLANG_WARN_ENUM_CONVERSION = YES;
				CLANG_WARN_INFINITE_RECURSION = YES;
				CLANG_WARN_INT_CONVERSION = YES;
				CLANG_WARN_NON_LITERAL_NULL_CONVERSION = YES;
				CLANG_WARN_OBJC_IMPLICIT_RETAIN_SELF = YES;
				CLANG_WARN_OBJC_LITERAL_CONVERSION = YES;
				CLANG_WARN_OBJC_ROOT_CLASS = YES_ERROR;
				CLANG_WARN_RANGE_LOOP_ANALYSIS = YES;
				CLANG_WARN_STRICT_PROTOTYPES = YES;
				CLANG_WARN_SUSPICIOUS_MOVE = YES;
				CLANG_WARN_UNGUARDED_AVAILABILITY = YES_AGGRESSIVE;
				CLANG_WARN_UNREACHABLE_CODE = YES;
				CLANG_WARN__DUPLICATE_METHOD_MATCH = YES;
				CODE_SIGN_IDENTITY = "-";
				COPY_PHASE_STRIP = NO;
				DEBUG_INFORMATION_FORMAT = dwarf;
				ENABLE_STRICT_OBJC_MSGSEND = YES;
				ENABLE_TESTABILITY = YES;
				GCC_C_LANGUAGE_STANDARD = gnu11;
				GCC_DYNAMIC_NO_PIC = NO;
				GCC_NO_COMMON_BLOCKS = YES;
				GCC_OPTIMIZATION_LEVEL = 0;
				GCC_PREPROCESSOR_DEFINITIONS = (
					"DEBUG=1",
					"$(inherited)",
				);
				GCC_WARN_64_TO_32_BIT_CONVERSION = YES;
				GCC_WARN_ABOUT_RETURN_TYPE = YES_ERROR;
				GCC_WARN_UNDECLARED_SELECTOR = YES;
				GCC_WARN_UNINITIALIZED_AUTOS = YES_AGGRESSIVE;
				GCC_WARN_UNUSED_FUNCTION = YES;
				GCC_WARN_UNUSED_VARIABLE = YES;
				MACOSX_DEPLOYMENT_TARGET = 10.14;
				MTL_ENABLE_DEBUG_INFO = INCLUDE_SOURCE;
				MTL_FAST_MATH = YES;
				ONLY_ACTIVE_ARCH = YES;
				SDKROOT = macosx;
			};
			name = Debug;
		};
		7417533221A0825100D8CE61 /* Release */ = {
			isa = XCBuildConfiguration;
			buildSettings = {
				ALWAYS_SEARCH_USER_PATHS = NO;
				CLANG_ANALYZER_NONNULL = YES;
				CLANG_ANALYZER_NUMBER_OBJECT_CONVERSION = YES_AGGRESSIVE;
				CLANG_CXX_LANGUAGE_STANDARD = "gnu++14";
				CLANG_CXX_LIBRARY = "libc++";
				CLANG_ENABLE_MODULES = YES;
				CLANG_ENABLE_OBJC_ARC = YES;
				CLANG_ENABLE_OBJC_WEAK = YES;
				CLANG_WARN_BLOCK_CAPTURE_AUTORELEASING = YES;
				CLANG_WARN_BOOL_CONVERSION = YES;
				CLANG_WARN_COMMA = YES;
				CLANG_WARN_CONSTANT_CONVERSION = YES;
				CLANG_WARN_DEPRECATED_OBJC_IMPLEMENTATIONS = YES;
				CLANG_WARN_DIRECT_OBJC_ISA_USAGE = YES_ERROR;
				CLANG_WARN_DOCUMENTATION_COMMENTS = YES;
				CLANG_WARN_EMPTY_BODY = YES;
				CLANG_WARN_ENUM_CONVERSION = YES;
				CLANG_WARN_INFINITE_RECURSION = YES;
				CLANG_WARN_INT_CONVERSION = YES;
				CLANG_WARN_NON_LITERAL_NULL_CONVERSION = YES;
				CLANG_WARN_OBJC_IMPLICIT_RETAIN_SELF = YES;
				CLANG_WARN_OBJC_LITERAL_CONVERSION = YES;
				CLANG_WARN_OBJC_ROOT_CLASS = YES_ERROR;
				CLANG_WARN_RANGE_LOOP_ANALYSIS = YES;
				CLANG_WARN_STRICT_PROTOTYPES = YES;
				CLANG_WARN_SUSPICIOUS_MOVE = YES;
				CLANG_WARN_UNGUARDED_AVAILABILITY = YES_AGGRESSIVE;
				CLANG_WARN_UNREACHABLE_CODE = YES;
				CLANG_WARN__DUPLICATE_METHOD_MATCH = YES;
				CODE_SIGN_IDENTITY = "-";
				COPY_PHASE_STRIP = NO;
				DEBUG_INFORMATION_FORMAT = "dwarf-with-dsym";
				ENABLE_NS_ASSERTIONS = NO;
				ENABLE_STRICT_OBJC_MSGSEND = YES;
				GCC_C_LANGUAGE_STANDARD = gnu11;
				GCC_NO_COMMON_BLOCKS = YES;
				GCC_WARN_64_TO_32_BIT_CONVERSION = YES;
				GCC_WARN_ABOUT_RETURN_TYPE = YES_ERROR;
				GCC_WARN_UNDECLARED_SELECTOR = YES;
				GCC_WARN_UNINITIALIZED_AUTOS = YES_AGGRESSIVE;
				GCC_WARN_UNUSED_FUNCTION = YES;
				GCC_WARN_UNUSED_VARIABLE = YES;
				MACOSX_DEPLOYMENT_TARGET = 10.14;
				MTL_ENABLE_DEBUG_INFO = NO;
				MTL_FAST_MATH = YES;
				SDKROOT = macosx;
			};
			name = Release;
		};
		7417533421A0825100D8CE61 /* Debug */ = {
			isa = XCBuildConfiguration;
			buildSettings = {
				CODE_SIGN_STYLE = Automatic;
				HEADER_SEARCH_PATHS = (
					/usr/local/Cellar/glfw/3.3.1/include,
					/usr/local/Cellar/glew/2.1.0_1/include,
					/usr/local/Cellar/glm/0.9.9.5/include,
				);
				LIBRARY_SEARCH_PATHS = (
					"$(inherited)",
					/usr/local/Cellar/glew/2.1.0/lib,
					/usr/local/Cellar/glfw/3.2.1/lib,
					/usr/local/Cellar/glfw/3.3.1/lib,
					/usr/local/Cellar/glew/2.1.0_1/lib,
				);
				PRODUCT_NAME = "$(TARGET_NAME)";
			};
			name = Debug;
		};
		7417533521A0825100D8CE61 /* Release */ = {
			isa = XCBuildConfiguration;
			buildSettings = {
				CODE_SIGN_STYLE = Automatic;
				HEADER_SEARCH_PATHS = (
					/usr/local/Cellar/glfw/3.3.1/include,
					/usr/local/Cellar/glew/2.1.0_1/include,
					/usr/local/Cellar/glm/0.9.9.5/include,
				);
				LIBRARY_SEARCH_PATHS = (
					"$(inherited)",
					/usr/local/Cellar/glew/2.1.0/lib,
					/usr/local/Cellar/glfw/3.2.1/lib,
					/usr/local/Cellar/glfw/3.3.1/lib,
					/usr/local/Cellar/glew/2.1.0_1/lib,
				);
				PRODUCT_NAME = "$(TARGET_NAME)";
			};
			name = Release;
		};
		7485456421CCE07C0005C504 /* Debug */ = {
			isa = XCBuildConfiguration;
			buildSettings = {
				ASSETCATALOG_COMPILER_APPICON_NAME = AppIcon;
				CODE_SIGN_ENTITLEMENTS = test/test.entitlements;
				CODE_SIGN_STYLE = Automatic;
				COMBINE_HIDPI_IMAGES = YES;
				INFOPLIST_FILE = test/Info.plist;
				LD_RUNPATH_SEARCH_PATHS = (
					"$(inherited)",
					"@executable_path/../Frameworks",
				);
				PRODUCT_BUNDLE_IDENTIFIER = "----------------.test";
				PRODUCT_NAME = "$(TARGET_NAME)";
			};
			name = Debug;
		};
		7485456521CCE07C0005C504 /* Release */ = {
			isa = XCBuildConfiguration;
			buildSettings = {
				ASSETCATALOG_COMPILER_APPICON_NAME = AppIcon;
				CODE_SIGN_ENTITLEMENTS = test/test.entitlements;
				CODE_SIGN_STYLE = Automatic;
				COMBINE_HIDPI_IMAGES = YES;
				INFOPLIST_FILE = test/Info.plist;
				LD_RUNPATH_SEARCH_PATHS = (
					"$(inherited)",
					"@executable_path/../Frameworks",
				);
				PRODUCT_BUNDLE_IDENTIFIER = "----------------.test";
				PRODUCT_NAME = "$(TARGET_NAME)";
			};
			name = Release;
		};
/* End XCBuildConfiguration section */

/* Begin XCConfigurationList section */
		7417532721A0825100D8CE61 /* Build configuration list for PBXProject "Balloon_Tower_Defense" */ = {
			isa = XCConfigurationList;
			buildConfigurations = (
				7417533121A0825100D8CE61 /* Debug */,
				7417533221A0825100D8CE61 /* Release */,
			);
			defaultConfigurationIsVisible = 0;
			defaultConfigurationName = Release;
		};
		7417533321A0825100D8CE61 /* Build configuration list for PBXNativeTarget "Balloon_Tower_Defense" */ = {
			isa = XCConfigurationList;
			buildConfigurations = (
				7417533421A0825100D8CE61 /* Debug */,
				7417533521A0825100D8CE61 /* Release */,
			);
			defaultConfigurationIsVisible = 0;
			defaultConfigurationName = Release;
		};
		7485456321CCE07C0005C504 /* Build configuration list for PBXNativeTarget "test" */ = {
			isa = XCConfigurationList;
			buildConfigurations = (
				7485456421CCE07C0005C504 /* Debug */,
				7485456521CCE07C0005C504 /* Release */,
			);
			defaultConfigurationIsVisible = 0;
			defaultConfigurationName = Release;
		};
/* End XCConfigurationList section */
	};
	rootObject = 7417532421A0825100D8CE61 /* Project object */;
}
